
Microsoft Visual Studio Solution File, Format Version 12.00
# Visual Studio 15
VisualStudioVersion = 15.0.27703.2042
MinimumVisualStudioVersion = 10.0.40219.1
Project("{FAE04EC0-301F-11D3-BF4B-00C04F79EFBC}") = "DateDifference", "DateDifference\DateDifference.csproj", "{2FCF524F-6792-4CD7-8694-C39610E7394A}"
EndProject
Global
	GlobalSection(SolutionConfigurationPlatforms) = preSolution
		Debug|Any CPU = Debug|Any CPU
		Release|Any CPU = Release|Any CPU
	EndGlobalSection
	GlobalSection(ProjectConfigurationPlatforms) = postSolution
		{2FCF524F-6792-4CD7-8694-C39610E7394A}.Debug|Any CPU.ActiveCfg = Debug|Any CPU
		{2FCF524F-6792-4CD7-8694-C39610E7394A}.Debug|Any CPU.Build.0 = Debug|Any CPU
		{2FCF524F-6792-4CD7-8694-C39610E7394A}.Release|Any CPU.ActiveCfg = Release|Any CPU
		{2FCF524F-6792-4CD7-8694-C39610E7394A}.Release|Any CPU.Build.0 = Release|Any CPU
	EndGlobalSection
	GlobalSection(SolutionProperties) = preSolution
		HideSolutionNode = FALSE
	EndGlobalSection
	GlobalSection(ExtensibilityGlobals) = postSolution
		SolutionGuid = {14264CA5-54D7-4597-9A27-5979E3093539}
	EndGlobalSection
EndGlobal
